
Microsoft Visual Studio Solution File, Format Version 12.00
# Visual Studio 15
VisualStudioVersion = 15.0.28307.1433
MinimumVisualStudioVersion = 10.0.40219.1
Project("{8BC9CEB8-8B4A-11D0-8D11-00A0C91BC942}") = "Algorithm", "Algorithm.vcxproj", "{ADE9A6FB-D0D8-4C06-A9B1-CBA1082E2887}"
EndProject
Global
	GlobalSection(SolutionConfigurationPlatforms) = preSolution
		Debug|x86 = Debug|x86
		Release|x86 = Release|x86
	EndGlobalSection
	GlobalSection(ProjectConfigurationPlatforms) = postSolution
		{ADE9A6FB-D0D8-4C06-A9B1-CBA1082E2887}.Debug|x86.ActiveCfg = Debug|Win32
		{ADE9A6FB-D0D8-4C06-A9B1-CBA1082E2887}.Debug|x86.Build.0 = Debug|Win32
		{ADE9A6FB-D0D8-4C06-A9B1-CBA1082E2887}.Release|x86.ActiveCfg = Release|Win32
		{ADE9A6FB-D0D8-4C06-A9B1-CBA1082E2887}.Release|x86.Build.0 = Release|Win32
	EndGlobalSection
	GlobalSection(SolutionProperties) = preSolution
		HideSolutionNode = FALSE
	EndGlobalSection
	GlobalSection(ExtensibilityGlobals) = postSolution
		SolutionGuid = {7B8CE115-499F-4C05-B54B-1C2FE6B9C09B}
	EndGlobalSection
EndGlobal
